
Microsoft Visual Studio Solution File, Format Version 12.00
# Visual Studio Version 17
VisualStudioVersion = 17.13.35931.197
MinimumVisualStudioVersion = 10.0.40219.1
Project("{FAE04EC0-301F-11D3-BF4B-00C04F79EFBC}") = "DesignPattern", "DesignPattern\DesignPattern.csproj", "{DE567D85-8918-44CD-BB83-2C762FEE1E81}"
EndProject
Project("{FAE04EC0-301F-11D3-BF4B-00C04F79EFBC}") = "FactoryMethod", "FactoryMethod\FactoryMethod.csproj", "{1CA94F13-5926-4396-840D-FC4B0C3D6A2E}"
EndProject
Project("{FAE04EC0-301F-11D3-BF4B-00C04F79EFBC}") = "AbstractFactory", "AbstractFactory\AbstractFactory.csproj", "{988C87C6-6E48-40E3-A56E-74A7C8D91252}"
EndProject
Project("{FAE04EC0-301F-11D3-BF4B-00C04F79EFBC}") = "Example01", "Example01\Example01.csproj", "{DA2FB096-5CFA-420E-840F-5355BAC628AC}"
EndProject
Project("{FAE04EC0-301F-11D3-BF4B-00C04F79EFBC}") = "Example02", "Example02\Example02.csproj", "{7C5591E0-8154-4652-9015-8A6E43C2A956}"
EndProject
Project("{FAE04EC0-301F-11D3-BF4B-00C04F79EFBC}") = "builder", "builder\builder.csproj", "{EC51E57D-21A0-475E-8002-C59479838BF5}"
EndProject
Project("{FAE04EC0-301F-11D3-BF4B-00C04F79EFBC}") = "Prototype", "Prototype\Prototype.csproj", "{768572EA-8380-44F3-932B-DBBDFBA4DB47}"
EndProject
Project("{FAE04EC0-301F-11D3-BF4B-00C04F79EFBC}") = "Example03", "Example03\Example03.csproj", "{EF4A28C8-2B3A-4EB7-8DB0-B52496A20E65}"
EndProject
Project("{FAE04EC0-301F-11D3-BF4B-00C04F79EFBC}") = "Singleton", "Singleton\Singleton.csproj", "{261EA711-8E12-48F2-815A-0C6B89E29E81}"
EndProject
Project("{FAE04EC0-301F-11D3-BF4B-00C04F79EFBC}") = "Adapter", "Adapter\Adapter.csproj", "{834DBA0A-ABF8-43F5-8FD7-BA207125719E}"
EndProject
Project("{FAE04EC0-301F-11D3-BF4B-00C04F79EFBC}") = "AdapterEx1", "AdapterEx1\AdapterEx1.csproj", "{E6FA6EAC-57FC-43B3-8372-977D2DFD6400}"
EndProject
Project("{FAE04EC0-301F-11D3-BF4B-00C04F79EFBC}") = "Bridge", "Bridge\Bridge.csproj", "{C23937E2-EA10-46EF-ACCB-B5FDDF2A447D}"
EndProject
Project("{FAE04EC0-301F-11D3-BF4B-00C04F79EFBC}") = "Composite", "Composite\Composite.csproj", "{EAA33D5E-7B40-4C2A-ADCE-73F5D594E3DA}"
EndProject
Project("{FAE04EC0-301F-11D3-BF4B-00C04F79EFBC}") = "Decorator", "Decorator\Decorator.csproj", "{A74FC6ED-2491-4BEA-A1B7-FFB62D4B72BA}"
EndProject
Project("{FAE04EC0-301F-11D3-BF4B-00C04F79EFBC}") = "Facade", "Facade\Facade.csproj", "{65773624-0979-453B-985A-964C4B671F1E}"
EndProject
Project("{FAE04EC0-301F-11D3-BF4B-00C04F79EFBC}") = "Decorator_Default", "Decorator_Default\Decorator_Default.csproj", "{8F61D6D1-EEB8-4B5B-807B-949531991C24}"
EndProject
Project("{FAE04EC0-301F-11D3-BF4B-00C04F79EFBC}") = "Flyweight", "Flyweight\Flyweight.csproj", "{4E06F858-600D-42AA-95AC-E35A69A8BC12}"
EndProject
Project("{FAE04EC0-301F-11D3-BF4B-00C04F79EFBC}") = "Memento", "Memento\Memento.csproj", "{14174DA4-F19D-4D1D-A7B2-67C27F4841C8}"
EndProject
Project("{FAE04EC0-301F-11D3-BF4B-00C04F79EFBC}") = "Observer", "observer\Observer.csproj", "{EE600CE9-CA22-4848-91A6-ED2432F13F57}"
EndProject
Global
	GlobalSection(SolutionConfigurationPlatforms) = preSolution
		Debug|Any CPU = Debug|Any CPU
		Release|Any CPU = Release|Any CPU
	EndGlobalSection
	GlobalSection(ProjectConfigurationPlatforms) = postSolution
		{DE567D85-8918-44CD-BB83-2C762FEE1E81}.Debug|Any CPU.ActiveCfg = Debug|Any CPU
		{DE567D85-8918-44CD-BB83-2C762FEE1E81}.Debug|Any CPU.Build.0 = Debug|Any CPU
		{DE567D85-8918-44CD-BB83-2C762FEE1E81}.Release|Any CPU.ActiveCfg = Release|Any CPU
		{DE567D85-8918-44CD-BB83-2C762FEE1E81}.Release|Any CPU.Build.0 = Release|Any CPU
		{1CA94F13-5926-4396-840D-FC4B0C3D6A2E}.Debug|Any CPU.ActiveCfg = Debug|Any CPU
		{1CA94F13-5926-4396-840D-FC4B0C3D6A2E}.Debug|Any CPU.Build.0 = Debug|Any CPU
		{1CA94F13-5926-4396-840D-FC4B0C3D6A2E}.Release|Any CPU.ActiveCfg = Release|Any CPU
		{1CA94F13-5926-4396-840D-FC4B0C3D6A2E}.Release|Any CPU.Build.0 = Release|Any CPU
		{988C87C6-6E48-40E3-A56E-74A7C8D91252}.Debug|Any CPU.ActiveCfg = Debug|Any CPU
		{988C87C6-6E48-40E3-A56E-74A7C8D91252}.Debug|Any CPU.Build.0 = Debug|Any CPU
		{988C87C6-6E48-40E3-A56E-74A7C8D91252}.Release|Any CPU.ActiveCfg = Release|Any CPU
		{988C87C6-6E48-40E3-A56E-74A7C8D91252}.Release|Any CPU.Build.0 = Release|Any CPU
		{DA2FB096-5CFA-420E-840F-5355BAC628AC}.Debug|Any CPU.ActiveCfg = Debug|Any CPU
		{DA2FB096-5CFA-420E-840F-5355BAC628AC}.Debug|Any CPU.Build.0 = Debug|Any CPU
		{DA2FB096-5CFA-420E-840F-5355BAC628AC}.Release|Any CPU.ActiveCfg = Release|Any CPU
		{DA2FB096-5CFA-420E-840F-5355BAC628AC}.Release|Any CPU.Build.0 = Release|Any CPU
		{7C5591E0-8154-4652-9015-8A6E43C2A956}.Debug|Any CPU.ActiveCfg = Debug|Any CPU
		{7C5591E0-8154-4652-9015-8A6E43C2A956}.Debug|Any CPU.Build.0 = Debug|Any CPU
		{7C5591E0-8154-4652-9015-8A6E43C2A956}.Release|Any CPU.ActiveCfg = Release|Any CPU
		{7C5591E0-8154-4652-9015-8A6E43C2A956}.Release|Any CPU.Build.0 = Release|Any CPU
		{EC51E57D-21A0-475E-8002-C59479838BF5}.Debug|Any CPU.ActiveCfg = Debug|Any CPU
		{EC51E57D-21A0-475E-8002-C59479838BF5}.Debug|Any CPU.Build.0 = Debug|Any CPU
		{EC51E57D-21A0-475E-8002-C59479838BF5}.Release|Any CPU.ActiveCfg = Release|Any CPU
		{EC51E57D-21A0-475E-8002-C59479838BF5}.Release|Any CPU.Build.0 = Release|Any CPU
		{768572EA-8380-44F3-932B-DBBDFBA4DB47}.Debug|Any CPU.ActiveCfg = Debug|Any CPU
		{768572EA-8380-44F3-932B-DBBDFBA4DB47}.Debug|Any CPU.Build.0 = Debug|Any CPU
		{768572EA-8380-44F3-932B-DBBDFBA4DB47}.Release|Any CPU.ActiveCfg = Release|Any CPU
		{768572EA-8380-44F3-932B-DBBDFBA4DB47}.Release|Any CPU.Build.0 = Release|Any CPU
		{EF4A28C8-2B3A-4EB7-8DB0-B52496A20E65}.Debug|Any CPU.ActiveCfg = Debug|Any CPU
		{EF4A28C8-2B3A-4EB7-8DB0-B52496A20E65}.Debug|Any CPU.Build.0 = Debug|Any CPU
		{EF4A28C8-2B3A-4EB7-8DB0-B52496A20E65}.Release|Any CPU.ActiveCfg = Release|Any CPU
		{EF4A28C8-2B3A-4EB7-8DB0-B52496A20E65}.Release|Any CPU.Build.0 = Release|Any CPU
		{261EA711-8E12-48F2-815A-0C6B89E29E81}.Debug|Any CPU.ActiveCfg = Debug|Any CPU
		{261EA711-8E12-48F2-815A-0C6B89E29E81}.Debug|Any CPU.Build.0 = Debug|Any CPU
		{261EA711-8E12-48F2-815A-0C6B89E29E81}.Release|Any CPU.ActiveCfg = Release|Any CPU
		{261EA711-8E12-48F2-815A-0C6B89E29E81}.Release|Any CPU.Build.0 = Release|Any CPU
		{834DBA0A-ABF8-43F5-8FD7-BA207125719E}.Debug|Any CPU.ActiveCfg = Debug|Any CPU
		{834DBA0A-ABF8-43F5-8FD7-BA207125719E}.Debug|Any CPU.Build.0 = Debug|Any CPU
		{834DBA0A-ABF8-43F5-8FD7-BA207125719E}.Release|Any CPU.ActiveCfg = Release|Any CPU
		{834DBA0A-ABF8-43F5-8FD7-BA207125719E}.Release|Any CPU.Build.0 = Release|Any CPU
		{E6FA6EAC-57FC-43B3-8372-977D2DFD6400}.Debug|Any CPU.ActiveCfg = Debug|Any CPU
		{E6FA6EAC-57FC-43B3-8372-977D2DFD6400}.Debug|Any CPU.Build.0 = Debug|Any CPU
		{E6FA6EAC-57FC-43B3-8372-977D2DFD6400}.Release|Any CPU.ActiveCfg = Release|Any CPU
		{E6FA6EAC-57FC-43B3-8372-977D2DFD6400}.Release|Any CPU.Build.0 = Release|Any CPU
		{C23937E2-EA10-46EF-ACCB-B5FDDF2A447D}.Debug|Any CPU.ActiveCfg = Debug|Any CPU
		{C23937E2-EA10-46EF-ACCB-B5FDDF2A447D}.Debug|Any CPU.Build.0 = Debug|Any CPU
		{C23937E2-EA10-46EF-ACCB-B5FDDF2A447D}.Release|Any CPU.ActiveCfg = Release|Any CPU
		{C23937E2-EA10-46EF-ACCB-B5FDDF2A447D}.Release|Any CPU.Build.0 = Release|Any CPU
		{EAA33D5E-7B40-4C2A-ADCE-73F5D594E3DA}.Debug|Any CPU.ActiveCfg = Debug|Any CPU
		{EAA33D5E-7B40-4C2A-ADCE-73F5D594E3DA}.Debug|Any CPU.Build.0 = Debug|Any CPU
		{EAA33D5E-7B40-4C2A-ADCE-73F5D594E3DA}.Release|Any CPU.ActiveCfg = Release|Any CPU
		{EAA33D5E-7B40-4C2A-ADCE-73F5D594E3DA}.Release|Any CPU.Build.0 = Release|Any CPU
		{A74FC6ED-2491-4BEA-A1B7-FFB62D4B72BA}.Debug|Any CPU.ActiveCfg = Debug|Any CPU
		{A74FC6ED-2491-4BEA-A1B7-FFB62D4B72BA}.Debug|Any CPU.Build.0 = Debug|Any CPU
		{A74FC6ED-2491-4BEA-A1B7-FFB62D4B72BA}.Release|Any CPU.ActiveCfg = Release|Any CPU
		{A74FC6ED-2491-4BEA-A1B7-FFB62D4B72BA}.Release|Any CPU.Build.0 = Release|Any CPU
		{65773624-0979-453B-985A-964C4B671F1E}.Debug|Any CPU.ActiveCfg = Debug|Any CPU
		{65773624-0979-453B-985A-964C4B671F1E}.Debug|Any CPU.Build.0 = Debug|Any CPU
		{65773624-0979-453B-985A-964C4B671F1E}.Release|Any CPU.ActiveCfg = Release|Any CPU
		{65773624-0979-453B-985A-964C4B671F1E}.Release|Any CPU.Build.0 = Release|Any CPU
		{8F61D6D1-EEB8-4B5B-807B-949531991C24}.Debug|Any CPU.ActiveCfg = Debug|Any CPU
		{8F61D6D1-EEB8-4B5B-807B-949531991C24}.Debug|Any CPU.Build.0 = Debug|Any CPU
		{8F61D6D1-EEB8-4B5B-807B-949531991C24}.Release|Any CPU.ActiveCfg = Release|Any CPU
		{8F61D6D1-EEB8-4B5B-807B-949531991C24}.Release|Any CPU.Build.0 = Release|Any CPU
		{4E06F858-600D-42AA-95AC-E35A69A8BC12}.Debug|Any CPU.ActiveCfg = Debug|Any CPU
		{4E06F858-600D-42AA-95AC-E35A69A8BC12}.Debug|Any CPU.Build.0 = Debug|Any CPU
		{4E06F858-600D-42AA-95AC-E35A69A8BC12}.Release|Any CPU.ActiveCfg = Release|Any CPU
		{4E06F858-600D-42AA-95AC-E35A69A8BC12}.Release|Any CPU.Build.0 = Release|Any CPU
		{14174DA4-F19D-4D1D-A7B2-67C27F4841C8}.Debug|Any CPU.ActiveCfg = Debug|Any CPU
		{14174DA4-F19D-4D1D-A7B2-67C27F4841C8}.Debug|Any CPU.Build.0 = Debug|Any CPU
		{14174DA4-F19D-4D1D-A7B2-67C27F4841C8}.Release|Any CPU.ActiveCfg = Release|Any CPU
		{14174DA4-F19D-4D1D-A7B2-67C27F4841C8}.Release|Any CPU.Build.0 = Release|Any CPU
		{EE600CE9-CA22-4848-91A6-ED2432F13F57}.Debug|Any CPU.ActiveCfg = Debug|Any CPU
		{EE600CE9-CA22-4848-91A6-ED2432F13F57}.Debug|Any CPU.Build.0 = Debug|Any CPU
		{EE600CE9-CA22-4848-91A6-ED2432F13F57}.Release|Any CPU.ActiveCfg = Release|Any CPU
		{EE600CE9-CA22-4848-91A6-ED2432F13F57}.Release|Any CPU.Build.0 = Release|Any CPU
	EndGlobalSection
	GlobalSection(SolutionProperties) = preSolution
		HideSolutionNode = FALSE
	EndGlobalSection
	GlobalSection(ExtensibilityGlobals) = postSolution
		SolutionGuid = {83574A26-3C21-49EF-AA92-44C0ED4849AB}
	EndGlobalSection
EndGlobal
